
Microsoft Visual Studio Solution File, Format Version 12.00
# Visual Studio Version 17
VisualStudioVersion = 17.11.35222.181
MinimumVisualStudioVersion = 10.0.40219.1
Project("{FAE04EC0-301F-11D3-BF4B-00C04F79EFBC}") = "UdomiPsa", "UdomiPsa\UdomiPsa.csproj", "{DCC64EE7-3F63-4CC5-B358-C3F912BF35D6}"
EndProject
Global
	GlobalSection(SolutionConfigurationPlatforms) = preSolution
		Debug|Any CPU = Debug|Any CPU
		Release|Any CPU = Release|Any CPU
	EndGlobalSection
	GlobalSection(ProjectConfigurationPlatforms) = postSolution
		{DCC64EE7-3F63-4CC5-B358-C3F912BF35D6}.Debug|Any CPU.ActiveCfg = Debug|Any CPU
		{DCC64EE7-3F63-4CC5-B358-C3F912BF35D6}.Debug|Any CPU.Build.0 = Debug|Any CPU
		{DCC64EE7-3F63-4CC5-B358-C3F912BF35D6}.Release|Any CPU.ActiveCfg = Release|Any CPU
		{DCC64EE7-3F63-4CC5-B358-C3F912BF35D6}.Release|Any CPU.Build.0 = Release|Any CPU
	EndGlobalSection
	GlobalSection(SolutionProperties) = preSolution
		HideSolutionNode = FALSE
	EndGlobalSection
	GlobalSection(ExtensibilityGlobals) = postSolution
		SolutionGuid = {97310640-9106-4EBF-8D50-CA914A269B22}
	EndGlobalSection
EndGlobal
